#
# This file is autogenerated by pip-compile with Python 3.12
# by the following command:
#
#    pip-compile --extra=dev --output-file=requirements-dev.lock --strip-extras pyproject.toml
#
annotated-types==0.8.0
    # via pydantic
beautifulsoup4==4.15.0
    # via yfinance
certifi==2026.7.22
    # via
    #   curl-cffi
    #   requests
cffi==2.1.1
    # via curl-cffi
charset-normalizer==3.5.1
    # via requests
colorama==0.4.6
    # via pytest
coverage==7.15.4
    # via pytest-cov
curl-cffi==0.16.1
    # via
    #   stockscout-eod (pyproject.toml)
    #   yfinance
duckdb==1.5.5
    # via stockscout-eod (pyproject.toml)
exchange-calendars==4.13.2
    # via pandas-market-calendars
frozendict==2.4.7
    # via yfinance
idna==3.19
    # via requests
iniconfig==2.3.0
    # via pytest
korean-lunar-calendar==0.4.0
    # via exchange-calendars
markdown-it-py==4.2.0
    # via rich
mdurl==0.1.2
    # via markdown-it-py
multitasking==0.0.13
    # via yfinance
numpy==2.5.2
    # via
    #   exchange-calendars
    #   pandas
    #   stockscout-eod (pyproject.toml)
    #   yfinance
packaging==26.3
    # via pytest
pandas==2.3.3
    # via
    #   exchange-calendars
    #   pandas-market-calendars
    #   stockscout-eod (pyproject.toml)
    #   yfinance
pandas-market-calendars==5.4.0
    # via stockscout-eod (pyproject.toml)
peewee==4.3.0
    # via yfinance
platformdirs==4.11.3
    # via yfinance
pluggy==1.6.0
    # via
    #   pytest
    #   pytest-cov
protobuf==7.36.0
    # via yfinance
pyarrow==24.0.0
    # via stockscout-eod (pyproject.toml)
pycparser==3.0
    # via cffi
pydantic==2.13.4
    # via
    #   pydantic-settings
    #   stockscout-eod (pyproject.toml)
pydantic-core==2.46.4
    # via pydantic
pydantic-settings==2.15.0
    # via stockscout-eod (pyproject.toml)
pygments==2.21.0
    # via
    #   pytest
    #   rich
pyluach==2.3.0
    # via exchange-calendars
pytest==8.4.2
    # via
    #   pytest-cov
    #   stockscout-eod (pyproject.toml)
pytest-cov==6.3.0
    # via stockscout-eod (pyproject.toml)
python-dateutil==2.9.0.post0
    # via pandas
python-dotenv==1.2.3
    # via
    #   pydantic-settings
    #   stockscout-eod (pyproject.toml)
pytz==2026.3.post1
    # via
    #   pandas
    #   yfinance
pyyaml==6.0.3
    # via stockscout-eod (pyproject.toml)
requests==2.34.2
    # via
    #   stockscout-eod (pyproject.toml)
    #   yfinance
rich==14.3.4
    # via stockscout-eod (pyproject.toml)
ruff==0.16.4
    # via stockscout-eod (pyproject.toml)
six==1.17.0
    # via python-dateutil
soupsieve==2.9.2
    # via beautifulsoup4
structlog==25.5.0
    # via stockscout-eod (pyproject.toml)
toolz==1.1.0
    # via exchange-calendars
typing-extensions==4.16.0
    # via
    #   beautifulsoup4
    #   pydantic
    #   pydantic-core
    #   typing-inspection
typing-inspection==0.4.4
    # via
    #   pydantic
    #   pydantic-settings
tzdata==2026.3
    # via
    #   exchange-calendars
    #   pandas
urllib3==2.7.0
    # via requests
websockets==17.0.1
    # via yfinance
yfinance==0.2.66
    # via stockscout-eod (pyproject.toml)
